
Microsoft Visual Studio Solution File, Format Version 12.00
# Visual Studio Version 16
VisualStudioVersion = 16.0.810.6
MinimumVisualStudioVersion = 10.0.40219.1
Project("{FAE04EC0-301F-11D3-BF4B-00C04F79EFBC}") = "faasSzero", "faasSzero\faasSzero.csproj", "{0FD236A2-9448-4532-A464-64EC13BBB6A1}"
EndProject
Project("{2150E333-8FDC-42A3-9474-1A3956D46DE8}") = "Solution Items", "Solution Items", "{DD6D11A8-9A9C-4178-AC57-97CB6E638095}"
	ProjectSection(SolutionItems) = preProject
		faasSzero\Dockerfile = faasSzero\Dockerfile
		faasSzero\package.json = faasSzero\package.json
		faasSzero\build.sh = faasSzero\build.sh
	EndProjectSection
EndProject
Global
	GlobalSection(SolutionConfigurationPlatforms) = preSolution
		Debug|Any CPU = Debug|Any CPU
		Release|Any CPU = Release|Any CPU
	EndGlobalSection
	GlobalSection(ProjectConfigurationPlatforms) = postSolution
		{0FD236A2-9448-4532-A464-64EC13BBB6A1}.Debug|Any CPU.ActiveCfg = Debug|Any CPU
		{0FD236A2-9448-4532-A464-64EC13BBB6A1}.Debug|Any CPU.Build.0 = Debug|Any CPU
		{0FD236A2-9448-4532-A464-64EC13BBB6A1}.Release|Any CPU.ActiveCfg = Release|Any CPU
		{0FD236A2-9448-4532-A464-64EC13BBB6A1}.Release|Any CPU.Build.0 = Release|Any CPU
	EndGlobalSection
	GlobalSection(SolutionProperties) = preSolution
		HideSolutionNode = FALSE
	EndGlobalSection
	GlobalSection(ExtensibilityGlobals) = postSolution
		SolutionGuid = {A632CEBD-40C3-421F-812A-F02DA07B2799}
	EndGlobalSection
EndGlobal
